<?xml version="1.0" encoding="utf-8"?>
<Project ToolsVersion="4.0" xmlns="http://schemas.microsoft.com/developer/msbuild/2003">
  <ItemGroup>
    <ClCompile Include="Matrix2.cpp">
      <Filter>Source</Filter>
    </ClCompile>
    <ClCompile Include="Matrix3.cpp">
      <Filter>Source</Filter>
    </ClCompile>
    <ClCompile Include="Matrix4.cpp">
      <Filter>Source</Filter>
    </ClCompile>
    <ClCompile Include="Vector2.cpp">
      <Filter>Source</Filter>
    </ClCompile>
    <ClCompile Include="Vector3.cpp">
      <Filter>Source</Filter>
    </ClCompile>
    <ClCompile Include="Vector4.cpp">
      <Filter>Source</Filter>
    </ClCompile>
  </ItemGroup>
  <ItemGroup>
    <ClInclude Include="Matrix2.h">
      <Filter>Headers</Filter>
    </ClInclude>
    <ClInclude Include="Matrix3.h">
      <Filter>Headers</Filter>
    </ClInclude>
    <ClInclude Include="Matrix4.h">
      <Filter>Headers</Filter>
    </ClInclude>
    <ClInclude Include="Vector2.h">
      <Filter>Headers</Filter>
    </ClInclude>
    <ClInclude Include="Vector3.h">
      <Filter>Headers</Filter>
    </ClInclude>
    <ClInclude Include="Vector4.h">
      <Filter>Headers</Filter>
    </ClInclude>
    <ClInclude Include="genlib.h">
      <Filter>Headers</Filter>
    </ClInclude>
  </ItemGroup>
  <ItemGroup>
    <Filter Include="Headers">
      <UniqueIdentifier>{492d2aa4-3316-48e0-bc97-652d37d4f82a}</UniqueIdentifier>
    </Filter>
    <Filter Include="Source">
      <UniqueIdentifier>{2d45dc84-19b9-4b88-885d-e109f86f7cb5}</UniqueIdentifier>
    </Filter>
  </ItemGroup>
</Project>